// !$*UTF8*$!
{
	archiveVersion = 1;
	classes = {
	};
	objectVersion = 46;
	objects = {

/* Begin PBXBuildFile section */
		67191C231C848224000B3338 /* AppDelegate.swift in Sources */ = {isa = PBXBuildFile; fileRef = 67191C221C848224000B3338 /* AppDelegate.swift */; };
		67191C251C848224000B3338 /* ViewController.swift in Sources */ = {isa = PBXBuildFile; fileRef = 67191C241C848224000B3338 /* ViewController.swift */; };
		67191C281C848224000B3338 /* Main.storyboard in Resources */ = {isa = PBXBuildFile; fileRef = 67191C261C848224000B3338 /* Main.storyboard */; };
		67191C2A1C848224000B3338 /* Assets.xcassets in Resources */ = {isa = PBXBuildFile; fileRef = 67191C291C848224000B3338 /* Assets.xcassets */; };
		67191C321C84860C000B3338 /* MovieCell.swift in Sources */ = {isa = PBXBuildFile; fileRef = 67191C311C84860C000B3338 /* MovieCell.swift */; };
		67191C341C848C4D000B3338 /* Movie.swift in Sources */ = {isa = PBXBuildFile; fileRef = 67191C331C848C4D000B3338 /* Movie.swift */; };
		67191C361C849D0B000B3338 /* MovieDB.swift in Sources */ = {isa = PBXBuildFile; fileRef = 67191C351C849D0B000B3338 /* MovieDB.swift */; };
/* End PBXBuildFile section */

/* Begin PBXFileReference section */
		67191C1F1C848224000B3338 /* populair-movies-tvos.app */ = {isa = PBXFileReference; explicitFileType = wrapper.application; includeInIndex = 0; path = "populair-movies-tvos.app"; sourceTree = BUILT_PRODUCTS_DIR; };
		67191C221C848224000B3338 /* AppDelegate.swift */ = {isa = PBXFileReference; lastKnownFileType = sourcecode.swift; path = AppDelegate.swift; sourceTree = "<group>"; };
		67191C241C848224000B3338 /* ViewController.swift */ = {isa = PBXFileReference; lastKnownFileType = sourcecode.swift; path = ViewController.swift; sourceTree = "<group>"; };
		67191C271C848224000B3338 /* Base */ = {isa = PBXFileReference; lastKnownFileType = file.storyboard; name = Base; path = Base.lproj/Main.storyboard; sourceTree = "<group>"; };
		67191C291C848224000B3338 /* Assets.xcassets */ = {isa = PBXFileReference; lastKnownFileType = folder.assetcatalog; path = Assets.xcassets; sourceTree = "<group>"; };
		67191C2B1C848224000B3338 /* Info.plist */ = {isa = PBXFileReference; lastKnownFileType = text.plist.xml; path = Info.plist; sourceTree = "<group>"; };
		67191C311C84860C000B3338 /* MovieCell.swift */ = {isa = PBXFileReference; fileEncoding = 4; lastKnownFileType = sourcecode.swift; path = MovieCell.swift; sourceTree = "<group>"; };
		67191C331C848C4D000B3338 /* Movie.swift */ = {isa = PBXFileReference; fileEncoding = 4; lastKnownFileType = sourcecode.swift; path = Movie.swift; sourceTree = "<group>"; };
		67191C351C849D0B000B3338 /* MovieDB.swift */ = {isa = PBXFileReference; fileEncoding = 4; lastKnownFileType = sourcecode.swift; path = MovieDB.swift; sourceTree = "<group>"; };
/* End PBXFileReference section */

/* Begin PBXFrameworksBuildPhase section */
		67191C1C1C848224000B3338 /* Frameworks */ = {
			isa = PBXFrameworksBuildPhase;
			buildActionMask = 2147483647;
			files = (
			);
			runOnlyForDeploymentPostprocessing = 0;
		};
/* End PBXFrameworksBuildPhase section */

/* Begin PBXGroup section */
		67191C161C848224000B3338 = {
			isa = PBXGroup;
			children = (
				67191C211C848224000B3338 /* populair-movies-tvos */,
				67191C201C848224000B3338 /* Products */,
			);
			sourceTree = "<group>";
		};
		67191C201C848224000B3338 /* Products */ = {
			isa = PBXGroup;
			children = (
				67191C1F1C848224000B3338 /* populair-movies-tvos.app */,
			);
			name = Products;
			sourceTree = "<group>";
		};
		67191C211C848224000B3338 /* populair-movies-tvos */ = {
			isa = PBXGroup;
			children = (
				67191C221C848224000B3338 /* AppDelegate.swift */,
				67191C241C848224000B3338 /* ViewController.swift */,
				67191C261C848224000B3338 /* Main.storyboard */,
				67191C291C848224000B3338 /* Assets.xcassets */,
				67191C2B1C848224000B3338 /* Info.plist */,
				67191C311C84860C000B3338 /* MovieCell.swift */,
				67191C331C848C4D000B3338 /* Movie.swift */,
				67191C351C849D0B000B3338 /* MovieDB.swift */,
			);
			path = "populair-movies-tvos";
			sourceTree = "<group>";
		};
/* End PBXGroup section */

/* Begin PBXNativeTarget section */
		67191C1E1C848224000B3338 /* populair-movies-tvos */ = {
			isa = PBXNativeTarget;
			buildConfigurationList = 67191C2E1C848224000B3338 /* Build configuration list for PBXNativeTarget "populair-movies-tvos" */;
			buildPhases = (
				67191C1B1C848224000B3338 /* Sources */,
				67191C1C1C848224000B3338 /* Frameworks */,
				67191C1D1C848224000B3338 /* Resources */,
			);
			buildRules = (
			);
			dependencies = (
			);
			name = "populair-movies-tvos";
			productName = "populair-movies-tvos";
			productReference = 67191C1F1C848224000B3338 /* populair-movies-tvos.app */;
			productType = "com.apple.product-type.application";
		};
/* End PBXNativeTarget section */

/* Begin PBXProject section */
		67191C171C848224000B3338 /* Project object */ = {
			isa = PBXProject;
			attributes = {
				LastSwiftUpdateCheck = 0720;
				LastUpgradeCheck = 0720;
				ORGANIZATIONNAME = "Koen Vendrik";
				TargetAttributes = {
					67191C1E1C848224000B3338 = {
						CreatedOnToolsVersion = 7.2.1;
					};
				};
			};
			buildConfigurationList = 67191C1A1C848224000B3338 /* Build configuration list for PBXProject "populair-movies-tvos" */;
			compatibilityVersion = "Xcode 3.2";
			developmentRegion = English;
			hasScannedForEncodings = 0;
			knownRegions = (
				en,
				Base,
			);
			mainGroup = 67191C161C848224000B3338;
			productRefGroup = 67191C201C848224000B3338 /* Products */;
			projectDirPath = "";
			projectRoot = "";
			targets = (
				67191C1E1C848224000B3338 /* populair-movies-tvos */,
			);
		};
/* End PBXProject section */

/* Begin PBXResourcesBuildPhase section */
		67191C1D1C848224000B3338 /* Resources */ = {
			isa = PBXResourcesBuildPhase;
			buildActionMask = 2147483647;
			files = (
				67191C2A1C848224000B3338 /* Assets.xcassets in Resources */,
				67191C281C848224000B3338 /* Main.storyboard in Resources */,
			);
			runOnlyForDeploymentPostprocessing = 0;
		};
/* End PBXResourcesBuildPhase section */

/* Begin PBXSourcesBuildPhase section */
		67191C1B1C848224000B3338 /* Sources */ = {
			isa = PBXSourcesBuildPhase;
			buildActionMask = 2147483647;
			files = (
				67191C251C848224000B3338 /* ViewController.swift in Sources */,
				67191C231C848224000B3338 /* AppDelegate.swift in Sources */,
				67191C341C848C4D000B3338 /* Movie.swift in Sources */,
				67191C361C849D0B000B3338 /* MovieDB.swift in Sources */,
				67191C321C84860C000B3338 /* MovieCell.swift in Sources */,
			);
			runOnlyForDeploymentPostprocessing = 0;
		};
/* End PBXSourcesBuildPhase section */

/* Begin PBXVariantGroup section */
		67191C261C848224000B3338 /* Main.storyboard */ = {
			isa = PBXVariantGroup;
			children = (
				67191C271C848224000B3338 /* Base */,
			);
			name = Main.storyboard;
			sourceTree = "<group>";
		};
/* End PBXVariantGroup section */

/* Begin XCBuildConfiguration section */
		67191C2C1C848224000B3338 /* Debug */ = {
			isa = XCBuildConfiguration;
			buildSettings = {
				ALWAYS_SEARCH_USER_PATHS = NO;
				CLANG_CXX_LANGUAGE_STANDARD = "gnu++0x";
				CLANG_CXX_LIBRARY = "libc++";
				CLANG_ENABLE_MODULES = YES;
				CLANG_ENABLE_OBJC_ARC = YES;
				CLANG_WARN_BOOL_CONVERSION = YES;
				CLANG_WARN_CONSTANT_CONVERSION = YES;
				CLANG_WARN_DIRECT_OBJC_ISA_USAGE = YES_ERROR;
				CLANG_WARN_EMPTY_BODY = YES;
				CLANG_WARN_ENUM_CONVERSION = YES;
				CLANG_WARN_INT_CONVERSION = YES;
				CLANG_WARN_OBJC_ROOT_CLASS = YES_ERROR;
				CLANG_WARN_UNREACHABLE_CODE = YES;
				CLANG_WARN__DUPLICATE_METHOD_MATCH = YES;
				COPY_PHASE_STRIP = NO;
				DEBUG_INFORMATION_FORMAT = dwarf;
				ENABLE_STRICT_OBJC_MSGSEND = YES;
				ENABLE_TESTABILITY = YES;
				GCC_C_LANGUAGE_STANDARD = gnu99;
				GCC_DYNAMIC_NO_PIC = NO;
				GCC_NO_COMMON_BLOCKS = YES;
				GCC_OPTIMIZATION_LEVEL = 0;
				GCC_PREPROCESSOR_DEFINITIONS = (
					"DEBUG=1",
					"$(inherited)",
				);
				GCC_WARN_64_TO_32_BIT_CONVERSION = YES;
				GCC_WARN_ABOUT_RETURN_TYPE = YES_ERROR;
				GCC_WARN_UNDECLARED_SELECTOR = YES;
				GCC_WARN_UNINITIALIZED_AUTOS = YES_AGGRESSIVE;
				GCC_WARN_UNUSED_FUNCTION = YES;
				GCC_WARN_UNUSED_VARIABLE = YES;
				MTL_ENABLE_DEBUG_INFO = YES;
				ONLY_ACTIVE_ARCH = YES;
				SDKROOT = appletvos;
				SWIFT_OPTIMIZATION_LEVEL = "-Onone";
				TARGETED_DEVICE_FAMILY = 3;
				TVOS_DEPLOYMENT_TARGET = 9.1;
			};
			name = Debug;
		};
		67191C2D1C848224000B3338 /* Release */ = {
			isa = XCBuildConfiguration;
			buildSettings = {
				ALWAYS_SEARCH_USER_PATHS = NO;
				CLANG_CXX_LANGUAGE_STANDARD = "gnu++0x";
				CLANG_CXX_LIBRARY = "libc++";
				CLANG_ENABLE_MODULES = YES;
				CLANG_ENABLE_OBJC_ARC = YES;
				CLANG_WARN_BOOL_CONVERSION = YES;
				CLANG_WARN_CONSTANT_CONVERSION = YES;
				CLANG_WARN_DIRECT_OBJC_ISA_USAGE = YES_ERROR;
				CLANG_WARN_EMPTY_BODY = YES;
				CLANG_WARN_ENUM_CONVERSION = YES;
				CLANG_WARN_INT_CONVERSION = YES;
				CLANG_WARN_OBJC_ROOT_CLASS = YES_ERROR;
				CLANG_WARN_UNREACHABLE_CODE = YES;
				CLANG_WARN__DUPLICATE_METHOD_MATCH = YES;
				COPY_PHASE_STRIP = NO;
				DEBUG_INFORMATION_FORMAT = "dwarf-with-dsym";
				ENABLE_NS_ASSERTIONS = NO;
				ENABLE_STRICT_OBJC_MSGSEND = YES;
				GCC_C_LANGUAGE_STANDARD = gnu99;
				GCC_NO_COMMON_BLOCKS = YES;
				GCC_WARN_64_TO_32_BIT_CONVERSION = YES;
				GCC_WARN_ABOUT_RETURN_TYPE = YES_ERROR;
				GCC_WARN_UNDECLARED_SELECTOR = YES;
				GCC_WARN_UNINITIALIZED_AUTOS = YES_AGGRESSIVE;
				GCC_WARN_UNUSED_FUNCTION = YES;
				GCC_WARN_UNUSED_VARIABLE = YES;
				MTL_ENABLE_DEBUG_INFO = NO;
				SDKROOT = appletvos;
				TARGETED_DEVICE_FAMILY = 3;
				TVOS_DEPLOYMENT_TARGET = 9.1;
				VALIDATE_PRODUCT = YES;
			};
			name = Release;
		};
		67191C2F1C848224000B3338 /* Debug */ = {
			isa = XCBuildConfiguration;
			buildSettings = {
				ASSETCATALOG_COMPILER_APPICON_NAME = "App Icon & Top Shelf Image";
				ASSETCATALOG_COMPILER_LAUNCHIMAGE_NAME = LaunchImage;
				INFOPLIST_FILE = "populair-movies-tvos/Info.plist";
				LD_RUNPATH_SEARCH_PATHS = "$(inherited) @executable_path/Frameworks";
				PRODUCT_BUNDLE_IDENTIFIER = "com.kvendrik.populair-movies-tvos";
				PRODUCT_NAME = "$(TARGET_NAME)";
			};
			name = Debug;
		};
		67191C301C848224000B3338 /* Release */ = {
			isa = XCBuildConfiguration;
			buildSettings = {
				ASSETCATALOG_COMPILER_APPICON_NAME = "App Icon & Top Shelf Image";
				ASSETCATALOG_COMPILER_LAUNCHIMAGE_NAME = LaunchImage;
				INFOPLIST_FILE = "populair-movies-tvos/Info.plist";
				LD_RUNPATH_SEARCH_PATHS = "$(inherited) @executable_path/Frameworks";
				PRODUCT_BUNDLE_IDENTIFIER = "com.kvendrik.populair-movies-tvos";
				PRODUCT_NAME = "$(TARGET_NAME)";
			};
			name = Release;
		};
/* End XCBuildConfiguration section */

/* Begin XCConfigurationList section */
		67191C1A1C848224000B3338 /* Build configuration list for PBXProject "populair-movies-tvos" */ = {
			isa = XCConfigurationList;
			buildConfigurations = (
				67191C2C1C848224000B3338 /* Debug */,
				67191C2D1C848224000B3338 /* Release */,
			);
			defaultConfigurationIsVisible = 0;
			defaultConfigurationName = Release;
		};
		67191C2E1C848224000B3338 /* Build configuration list for PBXNativeTarget "populair-movies-tvos" */ = {
			isa = XCConfigurationList;
			buildConfigurations = (
				67191C2F1C848224000B3338 /* Debug */,
				67191C301C848224000B3338 /* Release */,
			);
			defaultConfigurationIsVisible = 0;
		};
/* End XCConfigurationList section */
	};
	rootObject = 67191C171C848224000B3338 /* Project object */;
}
